
Microsoft Visual Studio Solution File, Format Version 12.00
# Visual Studio Version 17
VisualStudioVersion = 17.7.34202.233
MinimumVisualStudioVersion = 10.0.40219.1
Project("{FAE04EC0-301F-11D3-BF4B-00C04F79EFBC}") = "MedicalReportSystem", "MedicalReportSystem\MedicalReportSystem.csproj", "{F8856990-2D94-4FCE-B73C-5054A916EC73}"
EndProject
Project("{2150E333-8FDC-42A3-9474-1A3956D46DE8}") = "Solution Items", "Solution Items", "{02EA681E-C7D8-13C7-8484-4AC65E1B71E8}"
	ProjectSection(SolutionItems) = preProject
		.editorconfig = .editorconfig
	EndProjectSection
EndProject
Global
	GlobalSection(SolutionConfigurationPlatforms) = preSolution
		Debug|Any CPU = Debug|Any CPU
		Release|Any CPU = Release|Any CPU
	EndGlobalSection
	GlobalSection(ProjectConfigurationPlatforms) = postSolution
		{F8856990-2D94-4FCE-B73C-5054A916EC73}.Debug|Any CPU.ActiveCfg = Debug|Any CPU
		{F8856990-2D94-4FCE-B73C-5054A916EC73}.Debug|Any CPU.Build.0 = Debug|Any CPU
		{F8856990-2D94-4FCE-B73C-5054A916EC73}.Release|Any CPU.ActiveCfg = Release|Any CPU
		{F8856990-2D94-4FCE-B73C-5054A916EC73}.Release|Any CPU.Build.0 = Release|Any CPU
	EndGlobalSection
	GlobalSection(SolutionProperties) = preSolution
		HideSolutionNode = FALSE
	EndGlobalSection
	GlobalSection(ExtensibilityGlobals) = postSolution
		SolutionGuid = {6A4DACCA-F100-4B32-9AB9-8487AED37360}
	EndGlobalSection
EndGlobal
